
Microsoft Visual Studio Solution File, Format Version 11.00
# Visual Studio 2010
Project("{FAE04EC0-301F-11D3-BF4B-00C04F79EFBC}") = "cubeRunner", "Assembly-CSharp.csproj", "{23414D62-5DDF-D92A-052A-5B0552C32297}"
EndProject
Global
	GlobalSection(SolutionConfigurationPlatforms) = preSolution
		Debug|Any CPU = Debug|Any CPU
		Release|Any CPU = Release|Any CPU
	EndGlobalSection
	GlobalSection(ProjectConfigurationPlatforms) = postSolution
		{23414D62-5DDF-D92A-052A-5B0552C32297}.Debug|Any CPU.ActiveCfg = Debug|Any CPU
		{23414D62-5DDF-D92A-052A-5B0552C32297}.Debug|Any CPU.Build.0 = Debug|Any CPU
		{23414D62-5DDF-D92A-052A-5B0552C32297}.Release|Any CPU.ActiveCfg = Release|Any CPU
		{23414D62-5DDF-D92A-052A-5B0552C32297}.Release|Any CPU.Build.0 = Release|Any CPU
	EndGlobalSection
	GlobalSection(SolutionProperties) = preSolution
		HideSolutionNode = FALSE
	EndGlobalSection
	GlobalSection(MonoDevelopProperties) = preSolution
		StartupItem = Assembly-CSharp.csproj
	EndGlobalSection
EndGlobal
